
Microsoft Visual Studio Solution File, Format Version 12.00
# Visual Studio Version 17
VisualStudioVersion = 17.2.32616.157
MinimumVisualStudioVersion = 10.0.40219.1
Project("{FAE04EC0-301F-11D3-BF4B-00C04F79EFBC}") = "AppCustoViagem.Android", "AppCustoViagem\AppCustoViagem.Android\AppCustoViagem.Android.csproj", "{16F82D13-6BC8-44AA-A25B-FC6F94CB9A68}"
EndProject
Project("{FAE04EC0-301F-11D3-BF4B-00C04F79EFBC}") = "AppCustoViagem", "AppCustoViagem\AppCustoViagem\AppCustoViagem.csproj", "{6E174595-A318-4F33-8C14-8418F3A73D02}"
EndProject
Global
	GlobalSection(SolutionConfigurationPlatforms) = preSolution
		Debug|Any CPU = Debug|Any CPU
		Release|Any CPU = Release|Any CPU
	EndGlobalSection
	GlobalSection(ProjectConfigurationPlatforms) = postSolution
		{16F82D13-6BC8-44AA-A25B-FC6F94CB9A68}.Debug|Any CPU.ActiveCfg = Debug|Any CPU
		{16F82D13-6BC8-44AA-A25B-FC6F94CB9A68}.Debug|Any CPU.Build.0 = Debug|Any CPU
		{16F82D13-6BC8-44AA-A25B-FC6F94CB9A68}.Debug|Any CPU.Deploy.0 = Debug|Any CPU
		{16F82D13-6BC8-44AA-A25B-FC6F94CB9A68}.Release|Any CPU.ActiveCfg = Release|Any CPU
		{16F82D13-6BC8-44AA-A25B-FC6F94CB9A68}.Release|Any CPU.Build.0 = Release|Any CPU
		{16F82D13-6BC8-44AA-A25B-FC6F94CB9A68}.Release|Any CPU.Deploy.0 = Release|Any CPU
		{6E174595-A318-4F33-8C14-8418F3A73D02}.Debug|Any CPU.ActiveCfg = Debug|Any CPU
		{6E174595-A318-4F33-8C14-8418F3A73D02}.Debug|Any CPU.Build.0 = Debug|Any CPU
		{6E174595-A318-4F33-8C14-8418F3A73D02}.Debug|Any CPU.Deploy.0 = Debug|Any CPU
		{6E174595-A318-4F33-8C14-8418F3A73D02}.Release|Any CPU.ActiveCfg = Release|Any CPU
		{6E174595-A318-4F33-8C14-8418F3A73D02}.Release|Any CPU.Build.0 = Release|Any CPU
		{6E174595-A318-4F33-8C14-8418F3A73D02}.Release|Any CPU.Deploy.0 = Release|Any CPU
	EndGlobalSection
	GlobalSection(SolutionProperties) = preSolution
		HideSolutionNode = FALSE
	EndGlobalSection
	GlobalSection(ExtensibilityGlobals) = postSolution
		SolutionGuid = {E686165F-2B70-4DFC-AD47-B6788599269D}
	EndGlobalSection
EndGlobal
